
Microsoft Visual Studio Solution File, Format Version 12.00
# Visual Studio 15
VisualStudioVersion = 15.0.28307.852
MinimumVisualStudioVersion = 10.0.40219.1
Project("{FAE04EC0-301F-11D3-BF4B-00C04F79EFBC}") = "HelloMVC", "HelloMVC\HelloMVC.csproj", "{4D0D0812-57E5-4D6A-AB28-491B282C3326}"
EndProject
Project("{FAE04EC0-301F-11D3-BF4B-00C04F79EFBC}") = "HelloMVC.Tests", "HelloMVC.test\HelloMVC.Tests.csproj", "{C50442A5-BBCC-4445-A17E-154B56BA4CA9}"
EndProject
Global
	GlobalSection(SolutionConfigurationPlatforms) = preSolution
		Debug|Any CPU = Debug|Any CPU
		Release|Any CPU = Release|Any CPU
	EndGlobalSection
	GlobalSection(ProjectConfigurationPlatforms) = postSolution
		{4D0D0812-57E5-4D6A-AB28-491B282C3326}.Debug|Any CPU.ActiveCfg = Debug|Any CPU
		{4D0D0812-57E5-4D6A-AB28-491B282C3326}.Debug|Any CPU.Build.0 = Debug|Any CPU
		{4D0D0812-57E5-4D6A-AB28-491B282C3326}.Release|Any CPU.ActiveCfg = Release|Any CPU
		{4D0D0812-57E5-4D6A-AB28-491B282C3326}.Release|Any CPU.Build.0 = Release|Any CPU
		{C50442A5-BBCC-4445-A17E-154B56BA4CA9}.Debug|Any CPU.ActiveCfg = Debug|Any CPU
		{C50442A5-BBCC-4445-A17E-154B56BA4CA9}.Debug|Any CPU.Build.0 = Debug|Any CPU
		{C50442A5-BBCC-4445-A17E-154B56BA4CA9}.Release|Any CPU.ActiveCfg = Release|Any CPU
		{C50442A5-BBCC-4445-A17E-154B56BA4CA9}.Release|Any CPU.Build.0 = Release|Any CPU
	EndGlobalSection
	GlobalSection(SolutionProperties) = preSolution
		HideSolutionNode = FALSE
	EndGlobalSection
	GlobalSection(ExtensibilityGlobals) = postSolution
		SolutionGuid = {FEB7FB97-83DE-4357-BF1C-FEC983386A45}
	EndGlobalSection
EndGlobal
